
Microsoft Visual Studio Solution File, Format Version 12.00
# Visual Studio 14
VisualStudioVersion = 14.0.25420.1
MinimumVisualStudioVersion = 10.0.40219.1
Project("{FAE04EC0-301F-11D3-BF4B-00C04F79EFBC}") = "stu1", "stu1\stu1.csproj", "{87D0B3A1-CCFE-45AE-9C5D-00B631024D6C}"
EndProject
Global
	GlobalSection(SolutionConfigurationPlatforms) = preSolution
		Debug|Any CPU = Debug|Any CPU
		Release|Any CPU = Release|Any CPU
	EndGlobalSection
	GlobalSection(ProjectConfigurationPlatforms) = postSolution
		{87D0B3A1-CCFE-45AE-9C5D-00B631024D6C}.Debug|Any CPU.ActiveCfg = Debug|Any CPU
		{87D0B3A1-CCFE-45AE-9C5D-00B631024D6C}.Debug|Any CPU.Build.0 = Debug|Any CPU
		{87D0B3A1-CCFE-45AE-9C5D-00B631024D6C}.Release|Any CPU.ActiveCfg = Release|Any CPU
		{87D0B3A1-CCFE-45AE-9C5D-00B631024D6C}.Release|Any CPU.Build.0 = Release|Any CPU
	EndGlobalSection
	GlobalSection(SolutionProperties) = preSolution
		HideSolutionNode = FALSE
	EndGlobalSection
EndGlobal
